
Microsoft Visual Studio Solution File, Format Version 12.00
# Visual Studio Version 17
VisualStudioVersion = 17.0.31903.59
MinimumVisualStudioVersion = 10.0.40219.1
Project("{2150E333-8FDC-42A3-9474-1A3956D46DE8}") = "src", "src", "{B9DB533B-AABA-42F2-A206-0F43E2E6F839}"
EndProject
Project("{FAE04EC0-301F-11D3-BF4B-00C04F79EFBC}") = "AuctionService", "src\AuctionService\AuctionService.csproj", "{5A86C003-32DA-4CC4-B024-49F7EE92E1E5}"
EndProject
Project("{FAE04EC0-301F-11D3-BF4B-00C04F79EFBC}") = "SearchService", "src\SearchService\SearchService.csproj", "{C370A02E-A682-4842-9418-18A78A57ACC3}"
EndProject
Project("{FAE04EC0-301F-11D3-BF4B-00C04F79EFBC}") = "Contracts", "src\Contracts\Contracts.csproj", "{8BF82F47-80A6-4435-9789-667CD3AA877D}"
EndProject
Project("{FAE04EC0-301F-11D3-BF4B-00C04F79EFBC}") = "IdentityService", "src\IdentityService\IdentityService.csproj", "{E7411B32-84E5-4FEE-8D51-770B215C27F2}"
EndProject
Project("{FAE04EC0-301F-11D3-BF4B-00C04F79EFBC}") = "GatewayService", "src\GatewayService\GatewayService.csproj", "{F67DC1FD-039C-4A9F-82A7-18673699CB37}"
EndProject
Global
	GlobalSection(SolutionConfigurationPlatforms) = preSolution
		Debug|Any CPU = Debug|Any CPU
		Release|Any CPU = Release|Any CPU
	EndGlobalSection
	GlobalSection(SolutionProperties) = preSolution
		HideSolutionNode = FALSE
	EndGlobalSection
	GlobalSection(ProjectConfigurationPlatforms) = postSolution
		{5A86C003-32DA-4CC4-B024-49F7EE92E1E5}.Debug|Any CPU.ActiveCfg = Debug|Any CPU
		{5A86C003-32DA-4CC4-B024-49F7EE92E1E5}.Debug|Any CPU.Build.0 = Debug|Any CPU
		{5A86C003-32DA-4CC4-B024-49F7EE92E1E5}.Release|Any CPU.ActiveCfg = Release|Any CPU
		{5A86C003-32DA-4CC4-B024-49F7EE92E1E5}.Release|Any CPU.Build.0 = Release|Any CPU
		{C370A02E-A682-4842-9418-18A78A57ACC3}.Debug|Any CPU.ActiveCfg = Debug|Any CPU
		{C370A02E-A682-4842-9418-18A78A57ACC3}.Debug|Any CPU.Build.0 = Debug|Any CPU
		{C370A02E-A682-4842-9418-18A78A57ACC3}.Release|Any CPU.ActiveCfg = Release|Any CPU
		{C370A02E-A682-4842-9418-18A78A57ACC3}.Release|Any CPU.Build.0 = Release|Any CPU
		{8BF82F47-80A6-4435-9789-667CD3AA877D}.Debug|Any CPU.ActiveCfg = Debug|Any CPU
		{8BF82F47-80A6-4435-9789-667CD3AA877D}.Debug|Any CPU.Build.0 = Debug|Any CPU
		{8BF82F47-80A6-4435-9789-667CD3AA877D}.Release|Any CPU.ActiveCfg = Release|Any CPU
		{8BF82F47-80A6-4435-9789-667CD3AA877D}.Release|Any CPU.Build.0 = Release|Any CPU
		{E7411B32-84E5-4FEE-8D51-770B215C27F2}.Debug|Any CPU.ActiveCfg = Debug|Any CPU
		{E7411B32-84E5-4FEE-8D51-770B215C27F2}.Debug|Any CPU.Build.0 = Debug|Any CPU
		{E7411B32-84E5-4FEE-8D51-770B215C27F2}.Release|Any CPU.ActiveCfg = Release|Any CPU
		{E7411B32-84E5-4FEE-8D51-770B215C27F2}.Release|Any CPU.Build.0 = Release|Any CPU
		{F67DC1FD-039C-4A9F-82A7-18673699CB37}.Debug|Any CPU.ActiveCfg = Debug|Any CPU
		{F67DC1FD-039C-4A9F-82A7-18673699CB37}.Debug|Any CPU.Build.0 = Debug|Any CPU
		{F67DC1FD-039C-4A9F-82A7-18673699CB37}.Release|Any CPU.ActiveCfg = Release|Any CPU
		{F67DC1FD-039C-4A9F-82A7-18673699CB37}.Release|Any CPU.Build.0 = Release|Any CPU
	EndGlobalSection
	GlobalSection(NestedProjects) = preSolution
		{5A86C003-32DA-4CC4-B024-49F7EE92E1E5} = {B9DB533B-AABA-42F2-A206-0F43E2E6F839}
		{C370A02E-A682-4842-9418-18A78A57ACC3} = {B9DB533B-AABA-42F2-A206-0F43E2E6F839}
		{8BF82F47-80A6-4435-9789-667CD3AA877D} = {B9DB533B-AABA-42F2-A206-0F43E2E6F839}
		{E7411B32-84E5-4FEE-8D51-770B215C27F2} = {B9DB533B-AABA-42F2-A206-0F43E2E6F839}
		{F67DC1FD-039C-4A9F-82A7-18673699CB37} = {B9DB533B-AABA-42F2-A206-0F43E2E6F839}
	EndGlobalSection
EndGlobal
